
Microsoft Visual Studio Solution File, Format Version 12.00
Project("{FAE04EC0-301F-11D3-BF4B-00C04F79EFBC}") = "fraude-odontologica", "fraude-odontologica\fraude-odontologica.csproj", "{3566E574-49A8-453C-A38F-4899554B4C94}"
EndProject
Project("{FAE04EC0-301F-11D3-BF4B-00C04F79EFBC}") = "TesteProjeto", "TesteProjeto\TesteProjeto.csproj", "{1B9A0E3B-A41F-4AD1-BC3C-8EBBF00899DE}"
EndProject
Global
	GlobalSection(SolutionConfigurationPlatforms) = preSolution
		Debug|Any CPU = Debug|Any CPU
		Release|Any CPU = Release|Any CPU
	EndGlobalSection
	GlobalSection(ProjectConfigurationPlatforms) = postSolution
		{3566E574-49A8-453C-A38F-4899554B4C94}.Debug|Any CPU.ActiveCfg = Debug|Any CPU
		{3566E574-49A8-453C-A38F-4899554B4C94}.Debug|Any CPU.Build.0 = Debug|Any CPU
		{3566E574-49A8-453C-A38F-4899554B4C94}.Release|Any CPU.ActiveCfg = Release|Any CPU
		{3566E574-49A8-453C-A38F-4899554B4C94}.Release|Any CPU.Build.0 = Release|Any CPU
		{1B9A0E3B-A41F-4AD1-BC3C-8EBBF00899DE}.Debug|Any CPU.ActiveCfg = Debug|Any CPU
		{1B9A0E3B-A41F-4AD1-BC3C-8EBBF00899DE}.Debug|Any CPU.Build.0 = Debug|Any CPU
		{1B9A0E3B-A41F-4AD1-BC3C-8EBBF00899DE}.Release|Any CPU.ActiveCfg = Release|Any CPU
		{1B9A0E3B-A41F-4AD1-BC3C-8EBBF00899DE}.Release|Any CPU.Build.0 = Release|Any CPU
	EndGlobalSection
EndGlobal
